
Microsoft Visual Studio Solution File, Format Version 12.00
# Visual Studio Version 16
VisualStudioVersion = 16.0.29519.181
MinimumVisualStudioVersion = 10.0.40219.1
Project("{FAE04EC0-301F-11D3-BF4B-00C04F79EFBC}") = "Esercizio1_Pag278", "Esercizio1_Pag278\Esercizio1_Pag278.csproj", "{F7F6282D-8B46-40BD-BBFF-7BB6059360C7}"
EndProject
Project("{FAE04EC0-301F-11D3-BF4B-00C04F79EFBC}") = "Esercizio2_Pag278", "Esercizio2_Pag278\Esercizio2_Pag278.csproj", "{E99031AB-E2AB-41F1-AD08-6829BE5ACB4D}"
EndProject
Global
	GlobalSection(SolutionConfigurationPlatforms) = preSolution
		Debug|Any CPU = Debug|Any CPU
		Release|Any CPU = Release|Any CPU
	EndGlobalSection
	GlobalSection(ProjectConfigurationPlatforms) = postSolution
		{F7F6282D-8B46-40BD-BBFF-7BB6059360C7}.Debug|Any CPU.ActiveCfg = Debug|Any CPU
		{F7F6282D-8B46-40BD-BBFF-7BB6059360C7}.Debug|Any CPU.Build.0 = Debug|Any CPU
		{F7F6282D-8B46-40BD-BBFF-7BB6059360C7}.Release|Any CPU.ActiveCfg = Release|Any CPU
		{F7F6282D-8B46-40BD-BBFF-7BB6059360C7}.Release|Any CPU.Build.0 = Release|Any CPU
		{E99031AB-E2AB-41F1-AD08-6829BE5ACB4D}.Debug|Any CPU.ActiveCfg = Debug|Any CPU
		{E99031AB-E2AB-41F1-AD08-6829BE5ACB4D}.Debug|Any CPU.Build.0 = Debug|Any CPU
		{E99031AB-E2AB-41F1-AD08-6829BE5ACB4D}.Release|Any CPU.ActiveCfg = Release|Any CPU
		{E99031AB-E2AB-41F1-AD08-6829BE5ACB4D}.Release|Any CPU.Build.0 = Release|Any CPU
	EndGlobalSection
	GlobalSection(SolutionProperties) = preSolution
		HideSolutionNode = FALSE
	EndGlobalSection
	GlobalSection(ExtensibilityGlobals) = postSolution
		SolutionGuid = {098E5B1C-3203-42A7-92B6-F16F1140E4CB}
	EndGlobalSection
EndGlobal
